
Microsoft Visual Studio Solution File, Format Version 12.00
# Visual Studio Version 16
VisualStudioVersion = 16.0.32106.194
MinimumVisualStudioVersion = 10.0.40219.1
Project("{FAE04EC0-301F-11D3-BF4B-00C04F79EFBC}") = "числа наоборот", "числа наоборот\числа наоборот.csproj", "{91428805-D6CC-42EA-9D08-3BB18840CA6D}"
EndProject
Global
	GlobalSection(SolutionConfigurationPlatforms) = preSolution
		Debug|Any CPU = Debug|Any CPU
		Release|Any CPU = Release|Any CPU
	EndGlobalSection
	GlobalSection(ProjectConfigurationPlatforms) = postSolution
		{91428805-D6CC-42EA-9D08-3BB18840CA6D}.Debug|Any CPU.ActiveCfg = Debug|Any CPU
		{91428805-D6CC-42EA-9D08-3BB18840CA6D}.Debug|Any CPU.Build.0 = Debug|Any CPU
		{91428805-D6CC-42EA-9D08-3BB18840CA6D}.Release|Any CPU.ActiveCfg = Release|Any CPU
		{91428805-D6CC-42EA-9D08-3BB18840CA6D}.Release|Any CPU.Build.0 = Release|Any CPU
	EndGlobalSection
	GlobalSection(SolutionProperties) = preSolution
		HideSolutionNode = FALSE
	EndGlobalSection
	GlobalSection(ExtensibilityGlobals) = postSolution
		SolutionGuid = {619E2491-8C5A-4B9B-9E1C-C6FAC7BD781A}
	EndGlobalSection
EndGlobal
